
Microsoft Visual Studio Solution File, Format Version 12.00
# Visual Studio Version 16
VisualStudioVersion = 16.0.33027.164
MinimumVisualStudioVersion = 10.0.40219.1
Project("{FAE04EC0-301F-11D3-BF4B-00C04F79EFBC}") = "Mazer.Core", "Mazer.Model\Mazer.Core.csproj", "{2BA3FAD4-8421-4ECD-9D05-85725EAD12DA}"
EndProject
Project("{FAE04EC0-301F-11D3-BF4B-00C04F79EFBC}") = "Mazer.Presentation", "Mazer.Presentation\Mazer.Presentation.csproj", "{6AD23318-19B0-4392-95F7-BDA6D3E37C1C}"
EndProject
Project("{FAE04EC0-301F-11D3-BF4B-00C04F79EFBC}") = "Mazer.View", "Mazer.View\Mazer.View.csproj", "{7DFDC57B-2C72-488B-B61D-958021259644}"
EndProject
Global
	GlobalSection(SolutionConfigurationPlatforms) = preSolution
		Debug|Any CPU = Debug|Any CPU
		Release|Any CPU = Release|Any CPU
	EndGlobalSection
	GlobalSection(ProjectConfigurationPlatforms) = postSolution
		{2BA3FAD4-8421-4ECD-9D05-85725EAD12DA}.Debug|Any CPU.ActiveCfg = Debug|Any CPU
		{2BA3FAD4-8421-4ECD-9D05-85725EAD12DA}.Debug|Any CPU.Build.0 = Debug|Any CPU
		{2BA3FAD4-8421-4ECD-9D05-85725EAD12DA}.Release|Any CPU.ActiveCfg = Release|Any CPU
		{2BA3FAD4-8421-4ECD-9D05-85725EAD12DA}.Release|Any CPU.Build.0 = Release|Any CPU
		{6AD23318-19B0-4392-95F7-BDA6D3E37C1C}.Debug|Any CPU.ActiveCfg = Debug|Any CPU
		{6AD23318-19B0-4392-95F7-BDA6D3E37C1C}.Debug|Any CPU.Build.0 = Debug|Any CPU
		{6AD23318-19B0-4392-95F7-BDA6D3E37C1C}.Release|Any CPU.ActiveCfg = Release|Any CPU
		{6AD23318-19B0-4392-95F7-BDA6D3E37C1C}.Release|Any CPU.Build.0 = Release|Any CPU
		{7DFDC57B-2C72-488B-B61D-958021259644}.Debug|Any CPU.ActiveCfg = Debug|Any CPU
		{7DFDC57B-2C72-488B-B61D-958021259644}.Debug|Any CPU.Build.0 = Debug|Any CPU
		{7DFDC57B-2C72-488B-B61D-958021259644}.Release|Any CPU.ActiveCfg = Release|Any CPU
		{7DFDC57B-2C72-488B-B61D-958021259644}.Release|Any CPU.Build.0 = Release|Any CPU
	EndGlobalSection
	GlobalSection(SolutionProperties) = preSolution
		HideSolutionNode = FALSE
	EndGlobalSection
	GlobalSection(ExtensibilityGlobals) = postSolution
		SolutionGuid = {6E5B930B-565E-4691-98EA-D05D382CD004}
	EndGlobalSection
EndGlobal
